
Microsoft Visual Studio Solution File, Format Version 12.00
# Visual Studio Version 17
VisualStudioVersion = 17.7.34031.279
MinimumVisualStudioVersion = 10.0.40219.1
Project("{9A19103F-16F7-4668-BE54-9A1E7A4F7556}") = "SistemasVentas.BSS", "SistemasVentas.BSS\SistemasVentas.BSS.csproj", "{C2A80A1A-3991-4837-8E86-EE01F01D3C2A}"
EndProject
Project("{9A19103F-16F7-4668-BE54-9A1E7A4F7556}") = "SistemasVentas.DAL", "SistemasVentas.DAL\SistemasVentas.DAL.csproj", "{D7821A66-614D-4CB4-9854-A840EF50D8C2}"
EndProject
Project("{9A19103F-16F7-4668-BE54-9A1E7A4F7556}") = "SistemasVentas.Modelos", "SistemasVentas.Modelos\SistemasVentas.Modelos.csproj", "{6810BF1C-9923-4FA0-9B07-6BB25E066E35}"
EndProject
Project("{9A19103F-16F7-4668-BE54-9A1E7A4F7556}") = "SistemasVentas.VISTA", "SistemasVentas.Vista\SistemasVentas.VISTA.csproj", "{0A1284C1-10F4-4406-B836-10C9D657F785}"
EndProject
Global
	GlobalSection(SolutionConfigurationPlatforms) = preSolution
		Debug|Any CPU = Debug|Any CPU
		Release|Any CPU = Release|Any CPU
	EndGlobalSection
	GlobalSection(ProjectConfigurationPlatforms) = postSolution
		{C2A80A1A-3991-4837-8E86-EE01F01D3C2A}.Debug|Any CPU.ActiveCfg = Debug|Any CPU
		{C2A80A1A-3991-4837-8E86-EE01F01D3C2A}.Debug|Any CPU.Build.0 = Debug|Any CPU
		{C2A80A1A-3991-4837-8E86-EE01F01D3C2A}.Release|Any CPU.ActiveCfg = Release|Any CPU
		{C2A80A1A-3991-4837-8E86-EE01F01D3C2A}.Release|Any CPU.Build.0 = Release|Any CPU
		{D7821A66-614D-4CB4-9854-A840EF50D8C2}.Debug|Any CPU.ActiveCfg = Debug|Any CPU
		{D7821A66-614D-4CB4-9854-A840EF50D8C2}.Debug|Any CPU.Build.0 = Debug|Any CPU
		{D7821A66-614D-4CB4-9854-A840EF50D8C2}.Release|Any CPU.ActiveCfg = Release|Any CPU
		{D7821A66-614D-4CB4-9854-A840EF50D8C2}.Release|Any CPU.Build.0 = Release|Any CPU
		{6810BF1C-9923-4FA0-9B07-6BB25E066E35}.Debug|Any CPU.ActiveCfg = Debug|Any CPU
		{6810BF1C-9923-4FA0-9B07-6BB25E066E35}.Debug|Any CPU.Build.0 = Debug|Any CPU
		{6810BF1C-9923-4FA0-9B07-6BB25E066E35}.Release|Any CPU.ActiveCfg = Release|Any CPU
		{6810BF1C-9923-4FA0-9B07-6BB25E066E35}.Release|Any CPU.Build.0 = Release|Any CPU
		{0A1284C1-10F4-4406-B836-10C9D657F785}.Debug|Any CPU.ActiveCfg = Debug|Any CPU
		{0A1284C1-10F4-4406-B836-10C9D657F785}.Debug|Any CPU.Build.0 = Debug|Any CPU
		{0A1284C1-10F4-4406-B836-10C9D657F785}.Release|Any CPU.ActiveCfg = Release|Any CPU
		{0A1284C1-10F4-4406-B836-10C9D657F785}.Release|Any CPU.Build.0 = Release|Any CPU
	EndGlobalSection
	GlobalSection(SolutionProperties) = preSolution
		HideSolutionNode = FALSE
	EndGlobalSection
	GlobalSection(ExtensibilityGlobals) = postSolution
		SolutionGuid = {49A6A153-CBAD-4921-9928-3B476627A3C1}
	EndGlobalSection
EndGlobal
